
Microsoft Visual Studio Solution File, Format Version 12.00
# Visual Studio Version 16
VisualStudioVersion = 16.0.29215.179
MinimumVisualStudioVersion = 10.0.40219.1
Project("{FAE04EC0-301F-11D3-BF4B-00C04F79EFBC}") = "MultiplicacionDeMatrices", "MultiplicacionDeMatrices.csproj", "{6F5C10AB-7B75-40B2-8F4C-BE93EF19DB42}"
EndProject
Global
	GlobalSection(SolutionConfigurationPlatforms) = preSolution
		Debug|Any CPU = Debug|Any CPU
		Release|Any CPU = Release|Any CPU
	EndGlobalSection
	GlobalSection(ProjectConfigurationPlatforms) = postSolution
		{6F5C10AB-7B75-40B2-8F4C-BE93EF19DB42}.Debug|Any CPU.ActiveCfg = Debug|Any CPU
		{6F5C10AB-7B75-40B2-8F4C-BE93EF19DB42}.Debug|Any CPU.Build.0 = Debug|Any CPU
		{6F5C10AB-7B75-40B2-8F4C-BE93EF19DB42}.Release|Any CPU.ActiveCfg = Release|Any CPU
		{6F5C10AB-7B75-40B2-8F4C-BE93EF19DB42}.Release|Any CPU.Build.0 = Release|Any CPU
	EndGlobalSection
	GlobalSection(SolutionProperties) = preSolution
		HideSolutionNode = FALSE
	EndGlobalSection
	GlobalSection(ExtensibilityGlobals) = postSolution
		SolutionGuid = {757D1C2C-4FB1-4CAB-AA45-DC1D882404FB}
	EndGlobalSection
EndGlobal
