
Microsoft Visual Studio Solution File, Format Version 12.00
# Visual Studio Version 16
VisualStudioVersion = 16.0.29215.179
MinimumVisualStudioVersion = 10.0.40219.1
Project("{FAE04EC0-301F-11D3-BF4B-00C04F79EFBC}") = "BusquedaCRCW", "BusquedaCRCW.csproj", "{C1EF4287-5395-4B15-AE1B-DB52EFF26EBD}"
EndProject
Global
	GlobalSection(SolutionConfigurationPlatforms) = preSolution
		Debug|Any CPU = Debug|Any CPU
		Release|Any CPU = Release|Any CPU
	EndGlobalSection
	GlobalSection(ProjectConfigurationPlatforms) = postSolution
		{C1EF4287-5395-4B15-AE1B-DB52EFF26EBD}.Debug|Any CPU.ActiveCfg = Debug|Any CPU
		{C1EF4287-5395-4B15-AE1B-DB52EFF26EBD}.Debug|Any CPU.Build.0 = Debug|Any CPU
		{C1EF4287-5395-4B15-AE1B-DB52EFF26EBD}.Release|Any CPU.ActiveCfg = Release|Any CPU
		{C1EF4287-5395-4B15-AE1B-DB52EFF26EBD}.Release|Any CPU.Build.0 = Release|Any CPU
	EndGlobalSection
	GlobalSection(SolutionProperties) = preSolution
		HideSolutionNode = FALSE
	EndGlobalSection
	GlobalSection(ExtensibilityGlobals) = postSolution
		SolutionGuid = {2C5193C9-5E64-4E51-A522-15D895E3B50F}
	EndGlobalSection
EndGlobal
